// !$*UTF8*$!
{
	archiveVersion = 1;
	classes = {
	};
	objectVersion = 50;
	objects = {

/* Begin PBXBuildFile section */
		2E07EF9C250CAFBC004CFBF5 /* AppDelegate.swift in Sources */ = {isa = PBXBuildFile; fileRef = 2E07EF9B250CAFBC004CFBF5 /* AppDelegate.swift */; };
		2E07EF9E250CAFBC004CFBF5 /* SceneDelegate.swift in Sources */ = {isa = PBXBuildFile; fileRef = 2E07EF9D250CAFBC004CFBF5 /* SceneDelegate.swift */; };
		2E07EFA0250CAFBC004CFBF5 /* TinderViewController.swift in Sources */ = {isa = PBXBuildFile; fileRef = 2E07EF9F250CAFBC004CFBF5 /* TinderViewController.swift */; };
		2E07EFA3250CAFBC004CFBF5 /* Main.storyboard in Resources */ = {isa = PBXBuildFile; fileRef = 2E07EFA1250CAFBC004CFBF5 /* Main.storyboard */; };
		2E07EFA5250CAFBD004CFBF5 /* Assets.xcassets in Resources */ = {isa = PBXBuildFile; fileRef = 2E07EFA4250CAFBD004CFBF5 /* Assets.xcassets */; };
		2E07EFA8250CAFBD004CFBF5 /* LaunchScreen.storyboard in Resources */ = {isa = PBXBuildFile; fileRef = 2E07EFA6250CAFBD004CFBF5 /* LaunchScreen.storyboard */; };
		2E07EFB3250CAFBD004CFBF5 /* DemoGoJekTests.swift in Sources */ = {isa = PBXBuildFile; fileRef = 2E07EFB2250CAFBD004CFBF5 /* DemoGoJekTests.swift */; };
		2E07EFBE250CAFBD004CFBF5 /* DemoGoJekUITests.swift in Sources */ = {isa = PBXBuildFile; fileRef = 2E07EFBD250CAFBD004CFBF5 /* DemoGoJekUITests.swift */; };
		2E4560DF250CC49200267DD8 /* UIImage+Extension.swift in Sources */ = {isa = PBXBuildFile; fileRef = 2E4560DC250CC49200267DD8 /* UIImage+Extension.swift */; };
		2E4560E0250CC49200267DD8 /* UIViewController+Extension.swift in Sources */ = {isa = PBXBuildFile; fileRef = 2E4560DD250CC49200267DD8 /* UIViewController+Extension.swift */; };
		2E4560E1250CC49200267DD8 /* Reachability.swift in Sources */ = {isa = PBXBuildFile; fileRef = 2E4560DE250CC49200267DD8 /* Reachability.swift */; };
		2E4560E4250CC5FF00267DD8 /* Storage.swift in Sources */ = {isa = PBXBuildFile; fileRef = 2E4560E2250CC5FF00267DD8 /* Storage.swift */; };
		2E4560F7250CC76F00267DD8 /* Location.swift in Sources */ = {isa = PBXBuildFile; fileRef = 2E4560E7250CC76F00267DD8 /* Location.swift */; };
		2E4560F8250CC76F00267DD8 /* Gender.swift in Sources */ = {isa = PBXBuildFile; fileRef = 2E4560E8250CC76F00267DD8 /* Gender.swift */; };
		2E4560F9250CC76F00267DD8 /* Picture.swift in Sources */ = {isa = PBXBuildFile; fileRef = 2E4560E9250CC76F00267DD8 /* Picture.swift */; };
		2E4560FA250CC76F00267DD8 /* ID.swift in Sources */ = {isa = PBXBuildFile; fileRef = 2E4560EA250CC76F00267DD8 /* ID.swift */; };
		2E4560FB250CC76F00267DD8 /* Login.swift in Sources */ = {isa = PBXBuildFile; fileRef = 2E4560EB250CC76F00267DD8 /* Login.swift */; };
		2E4560FC250CC76F00267DD8 /* Info.swift in Sources */ = {isa = PBXBuildFile; fileRef = 2E4560EC250CC76F00267DD8 /* Info.swift */; };
		2E4560FD250CC76F00267DD8 /* Street.swift in Sources */ = {isa = PBXBuildFile; fileRef = 2E4560ED250CC76F00267DD8 /* Street.swift */; };
		2E4560FE250CC76F00267DD8 /* Postcode.swift in Sources */ = {isa = PBXBuildFile; fileRef = 2E4560EE250CC76F00267DD8 /* Postcode.swift */; };
		2E456100250CC76F00267DD8 /* JSONSchemaSupport.swift in Sources */ = {isa = PBXBuildFile; fileRef = 2E4560F0250CC76F00267DD8 /* JSONSchemaSupport.swift */; };
		2E456101250CC76F00267DD8 /* Dob.swift in Sources */ = {isa = PBXBuildFile; fileRef = 2E4560F1250CC76F00267DD8 /* Dob.swift */; };
		2E456102250CC76F00267DD8 /* Timezone.swift in Sources */ = {isa = PBXBuildFile; fileRef = 2E4560F2250CC76F00267DD8 /* Timezone.swift */; };
		2E456103250CC76F00267DD8 /* Title.swift in Sources */ = {isa = PBXBuildFile; fileRef = 2E4560F3250CC76F00267DD8 /* Title.swift */; };
		2E456104250CC76F00267DD8 /* UsersResponseModel.swift in Sources */ = {isa = PBXBuildFile; fileRef = 2E4560F4250CC76F00267DD8 /* UsersResponseModel.swift */; };
		2E456105250CC76F00267DD8 /* Name.swift in Sources */ = {isa = PBXBuildFile; fileRef = 2E4560F5250CC76F00267DD8 /* Name.swift */; };
		2E456106250CC76F00267DD8 /* Coordinates.swift in Sources */ = {isa = PBXBuildFile; fileRef = 2E4560F6250CC76F00267DD8 /* Coordinates.swift */; };
		2E456109250CCE6C00267DD8 /* User.swift in Sources */ = {isa = PBXBuildFile; fileRef = 2E456108250CCE6C00267DD8 /* User.swift */; };
		2E45610C250CCEFE00267DD8 /* TinderListViewModel.swift in Sources */ = {isa = PBXBuildFile; fileRef = 2E45610B250CCEFE00267DD8 /* TinderListViewModel.swift */; };
		2E45610F250CD17700267DD8 /* CustomView.swift in Sources */ = {isa = PBXBuildFile; fileRef = 2E45610D250CD17700267DD8 /* CustomView.swift */; };
		2E456110250CD17700267DD8 /* CustomView.xib in Resources */ = {isa = PBXBuildFile; fileRef = 2E45610E250CD17700267DD8 /* CustomView.xib */; };
		2E456112250CD3BA00267DD8 /* UIView+Extension.swift in Sources */ = {isa = PBXBuildFile; fileRef = 2E456111250CD3BA00267DD8 /* UIView+Extension.swift */; };
		2E456114250CD3DD00267DD8 /* NSObject+Extension.swift in Sources */ = {isa = PBXBuildFile; fileRef = 2E456113250CD3DD00267DD8 /* NSObject+Extension.swift */; };
		2E456116250CD89100267DD8 /* UserViewModel.swift in Sources */ = {isa = PBXBuildFile; fileRef = 2E456115250CD89100267DD8 /* UserViewModel.swift */; };
		2E456118250CDBFA00267DD8 /* GradientView.swift in Sources */ = {isa = PBXBuildFile; fileRef = 2E456117250CDBFA00267DD8 /* GradientView.swift */; };
		2E45611A250CE0AF00267DD8 /* RestAPIServiceProtocol.swift in Sources */ = {isa = PBXBuildFile; fileRef = 2E456119250CE0AF00267DD8 /* RestAPIServiceProtocol.swift */; };
		2E54FCCE250CB99A00EAEEB7 /* FakeData.json in Resources */ = {isa = PBXBuildFile; fileRef = 2E54FCCD250CB99900EAEEB7 /* FakeData.json */; };
		2E54FCD3250CBC1500EAEEB7 /* TinderSwipeView.swift in Sources */ = {isa = PBXBuildFile; fileRef = 2E54FCD1250CBC1500EAEEB7 /* TinderSwipeView.swift */; };
		2E54FCD4250CBC1500EAEEB7 /* TinderCard.swift in Sources */ = {isa = PBXBuildFile; fileRef = 2E54FCD2250CBC1500EAEEB7 /* TinderCard.swift */; };
		2E7B2B75250D1099000F0FCD /* RestAPIServiceImpl.swift in Sources */ = {isa = PBXBuildFile; fileRef = 2E7B2B74250D1099000F0FCD /* RestAPIServiceImpl.swift */; };
/* End PBXBuildFile section */

/* Begin PBXContainerItemProxy section */
		2E07EFAF250CAFBD004CFBF5 /* PBXContainerItemProxy */ = {
			isa = PBXContainerItemProxy;
			containerPortal = 2E07EF90250CAFBC004CFBF5 /* Project object */;
			proxyType = 1;
			remoteGlobalIDString = 2E07EF97250CAFBC004CFBF5;
			remoteInfo = DemoGoJek;
		};
		2E07EFBA250CAFBD004CFBF5 /* PBXContainerItemProxy */ = {
			isa = PBXContainerItemProxy;
			containerPortal = 2E07EF90250CAFBC004CFBF5 /* Project object */;
			proxyType = 1;
			remoteGlobalIDString = 2E07EF97250CAFBC004CFBF5;
			remoteInfo = DemoGoJek;
		};
/* End PBXContainerItemProxy section */

/* Begin PBXFileReference section */
		2E07EF98250CAFBC004CFBF5 /* DemoGoJek.app */ = {isa = PBXFileReference; explicitFileType = wrapper.application; includeInIndex = 0; path = DemoGoJek.app; sourceTree = BUILT_PRODUCTS_DIR; };
		2E07EF9B250CAFBC004CFBF5 /* AppDelegate.swift */ = {isa = PBXFileReference; lastKnownFileType = sourcecode.swift; path = AppDelegate.swift; sourceTree = "<group>"; };
		2E07EF9D250CAFBC004CFBF5 /* SceneDelegate.swift */ = {isa = PBXFileReference; lastKnownFileType = sourcecode.swift; path = SceneDelegate.swift; sourceTree = "<group>"; };
		2E07EF9F250CAFBC004CFBF5 /* TinderViewController.swift */ = {isa = PBXFileReference; lastKnownFileType = sourcecode.swift; path = TinderViewController.swift; sourceTree = "<group>"; };
		2E07EFA2250CAFBC004CFBF5 /* Base */ = {isa = PBXFileReference; lastKnownFileType = file.storyboard; name = Base; path = Base.lproj/Main.storyboard; sourceTree = "<group>"; };
		2E07EFA4250CAFBD004CFBF5 /* Assets.xcassets */ = {isa = PBXFileReference; lastKnownFileType = folder.assetcatalog; path = Assets.xcassets; sourceTree = "<group>"; };
		2E07EFA7250CAFBD004CFBF5 /* Base */ = {isa = PBXFileReference; lastKnownFileType = file.storyboard; name = Base; path = Base.lproj/LaunchScreen.storyboard; sourceTree = "<group>"; };
		2E07EFA9250CAFBD004CFBF5 /* Info.plist */ = {isa = PBXFileReference; lastKnownFileType = text.plist.xml; path = Info.plist; sourceTree = "<group>"; };
		2E07EFAE250CAFBD004CFBF5 /* DemoGoJekTests.xctest */ = {isa = PBXFileReference; explicitFileType = wrapper.cfbundle; includeInIndex = 0; path = DemoGoJekTests.xctest; sourceTree = BUILT_PRODUCTS_DIR; };
		2E07EFB2250CAFBD004CFBF5 /* DemoGoJekTests.swift */ = {isa = PBXFileReference; lastKnownFileType = sourcecode.swift; path = DemoGoJekTests.swift; sourceTree = "<group>"; };
		2E07EFB4250CAFBD004CFBF5 /* Info.plist */ = {isa = PBXFileReference; lastKnownFileType = text.plist.xml; path = Info.plist; sourceTree = "<group>"; };
		2E07EFB9250CAFBD004CFBF5 /* DemoGoJekUITests.xctest */ = {isa = PBXFileReference; explicitFileType = wrapper.cfbundle; includeInIndex = 0; path = DemoGoJekUITests.xctest; sourceTree = BUILT_PRODUCTS_DIR; };
		2E07EFBD250CAFBD004CFBF5 /* DemoGoJekUITests.swift */ = {isa = PBXFileReference; lastKnownFileType = sourcecode.swift; path = DemoGoJekUITests.swift; sourceTree = "<group>"; };
		2E07EFBF250CAFBD004CFBF5 /* Info.plist */ = {isa = PBXFileReference; lastKnownFileType = text.plist.xml; path = Info.plist; sourceTree = "<group>"; };
		2E4560DC250CC49200267DD8 /* UIImage+Extension.swift */ = {isa = PBXFileReference; fileEncoding = 4; lastKnownFileType = sourcecode.swift; path = "UIImage+Extension.swift"; sourceTree = "<group>"; };
		2E4560DD250CC49200267DD8 /* UIViewController+Extension.swift */ = {isa = PBXFileReference; fileEncoding = 4; lastKnownFileType = sourcecode.swift; path = "UIViewController+Extension.swift"; sourceTree = "<group>"; };
		2E4560DE250CC49200267DD8 /* Reachability.swift */ = {isa = PBXFileReference; fileEncoding = 4; lastKnownFileType = sourcecode.swift; path = Reachability.swift; sourceTree = "<group>"; };
		2E4560E2250CC5FF00267DD8 /* Storage.swift */ = {isa = PBXFileReference; fileEncoding = 4; lastKnownFileType = sourcecode.swift; path = Storage.swift; sourceTree = "<group>"; };
		2E4560E7250CC76F00267DD8 /* Location.swift */ = {isa = PBXFileReference; fileEncoding = 4; lastKnownFileType = sourcecode.swift; path = Location.swift; sourceTree = "<group>"; };
		2E4560E8250CC76F00267DD8 /* Gender.swift */ = {isa = PBXFileReference; fileEncoding = 4; lastKnownFileType = sourcecode.swift; path = Gender.swift; sourceTree = "<group>"; };
		2E4560E9250CC76F00267DD8 /* Picture.swift */ = {isa = PBXFileReference; fileEncoding = 4; lastKnownFileType = sourcecode.swift; path = Picture.swift; sourceTree = "<group>"; };
		2E4560EA250CC76F00267DD8 /* ID.swift */ = {isa = PBXFileReference; fileEncoding = 4; lastKnownFileType = sourcecode.swift; path = ID.swift; sourceTree = "<group>"; };
		2E4560EB250CC76F00267DD8 /* Login.swift */ = {isa = PBXFileReference; fileEncoding = 4; lastKnownFileType = sourcecode.swift; path = Login.swift; sourceTree = "<group>"; };
		2E4560EC250CC76F00267DD8 /* Info.swift */ = {isa = PBXFileReference; fileEncoding = 4; lastKnownFileType = sourcecode.swift; path = Info.swift; sourceTree = "<group>"; };
		2E4560ED250CC76F00267DD8 /* Street.swift */ = {isa = PBXFileReference; fileEncoding = 4; lastKnownFileType = sourcecode.swift; path = Street.swift; sourceTree = "<group>"; };
		2E4560EE250CC76F00267DD8 /* Postcode.swift */ = {isa = PBXFileReference; fileEncoding = 4; lastKnownFileType = sourcecode.swift; path = Postcode.swift; sourceTree = "<group>"; };
		2E4560F0250CC76F00267DD8 /* JSONSchemaSupport.swift */ = {isa = PBXFileReference; fileEncoding = 4; lastKnownFileType = sourcecode.swift; path = JSONSchemaSupport.swift; sourceTree = "<group>"; };
		2E4560F1250CC76F00267DD8 /* Dob.swift */ = {isa = PBXFileReference; fileEncoding = 4; lastKnownFileType = sourcecode.swift; path = Dob.swift; sourceTree = "<group>"; };
		2E4560F2250CC76F00267DD8 /* Timezone.swift */ = {isa = PBXFileReference; fileEncoding = 4; lastKnownFileType = sourcecode.swift; path = Timezone.swift; sourceTree = "<group>"; };
		2E4560F3250CC76F00267DD8 /* Title.swift */ = {isa = PBXFileReference; fileEncoding = 4; lastKnownFileType = sourcecode.swift; path = Title.swift; sourceTree = "<group>"; };
		2E4560F4250CC76F00267DD8 /* UsersResponseModel.swift */ = {isa = PBXFileReference; fileEncoding = 4; lastKnownFileType = sourcecode.swift; path = UsersResponseModel.swift; sourceTree = "<group>"; };
		2E4560F5250CC76F00267DD8 /* Name.swift */ = {isa = PBXFileReference; fileEncoding = 4; lastKnownFileType = sourcecode.swift; path = Name.swift; sourceTree = "<group>"; };
		2E4560F6250CC76F00267DD8 /* Coordinates.swift */ = {isa = PBXFileReference; fileEncoding = 4; lastKnownFileType = sourcecode.swift; path = Coordinates.swift; sourceTree = "<group>"; };
		2E456108250CCE6C00267DD8 /* User.swift */ = {isa = PBXFileReference; fileEncoding = 4; lastKnownFileType = sourcecode.swift; path = User.swift; sourceTree = "<group>"; };
		2E45610B250CCEFE00267DD8 /* TinderListViewModel.swift */ = {isa = PBXFileReference; lastKnownFileType = sourcecode.swift; path = TinderListViewModel.swift; sourceTree = "<group>"; };
		2E45610D250CD17700267DD8 /* CustomView.swift */ = {isa = PBXFileReference; fileEncoding = 4; lastKnownFileType = sourcecode.swift; path = CustomView.swift; sourceTree = "<group>"; };
		2E45610E250CD17700267DD8 /* CustomView.xib */ = {isa = PBXFileReference; fileEncoding = 4; lastKnownFileType = file.xib; path = CustomView.xib; sourceTree = "<group>"; };
		2E456111250CD3BA00267DD8 /* UIView+Extension.swift */ = {isa = PBXFileReference; lastKnownFileType = sourcecode.swift; path = "UIView+Extension.swift"; sourceTree = "<group>"; };
		2E456113250CD3DD00267DD8 /* NSObject+Extension.swift */ = {isa = PBXFileReference; lastKnownFileType = sourcecode.swift; path = "NSObject+Extension.swift"; sourceTree = "<group>"; };
		2E456115250CD89100267DD8 /* UserViewModel.swift */ = {isa = PBXFileReference; lastKnownFileType = sourcecode.swift; path = UserViewModel.swift; sourceTree = "<group>"; };
		2E456117250CDBFA00267DD8 /* GradientView.swift */ = {isa = PBXFileReference; fileEncoding = 4; lastKnownFileType = sourcecode.swift; path = GradientView.swift; sourceTree = "<group>"; };
		2E456119250CE0AF00267DD8 /* RestAPIServiceProtocol.swift */ = {isa = PBXFileReference; lastKnownFileType = sourcecode.swift; path = RestAPIServiceProtocol.swift; sourceTree = "<group>"; };
		2E54FCCD250CB99900EAEEB7 /* FakeData.json */ = {isa = PBXFileReference; fileEncoding = 4; lastKnownFileType = text.json; path = FakeData.json; sourceTree = "<group>"; };
		2E54FCD1250CBC1500EAEEB7 /* TinderSwipeView.swift */ = {isa = PBXFileReference; fileEncoding = 4; lastKnownFileType = sourcecode.swift; path = TinderSwipeView.swift; sourceTree = "<group>"; };
		2E54FCD2250CBC1500EAEEB7 /* TinderCard.swift */ = {isa = PBXFileReference; fileEncoding = 4; lastKnownFileType = sourcecode.swift; path = TinderCard.swift; sourceTree = "<group>"; };
		2E7B2B74250D1099000F0FCD /* RestAPIServiceImpl.swift */ = {isa = PBXFileReference; fileEncoding = 4; lastKnownFileType = sourcecode.swift; path = RestAPIServiceImpl.swift; sourceTree = "<group>"; };
/* End PBXFileReference section */

/* Begin PBXFrameworksBuildPhase section */
		2E07EF95250CAFBC004CFBF5 /* Frameworks */ = {
			isa = PBXFrameworksBuildPhase;
			buildActionMask = 2147483647;
			files = (
			);
			runOnlyForDeploymentPostprocessing = 0;
		};
		2E07EFAB250CAFBD004CFBF5 /* Frameworks */ = {
			isa = PBXFrameworksBuildPhase;
			buildActionMask = 2147483647;
			files = (
			);
			runOnlyForDeploymentPostprocessing = 0;
		};
		2E07EFB6250CAFBD004CFBF5 /* Frameworks */ = {
			isa = PBXFrameworksBuildPhase;
			buildActionMask = 2147483647;
			files = (
			);
			runOnlyForDeploymentPostprocessing = 0;
		};
/* End PBXFrameworksBuildPhase section */

/* Begin PBXGroup section */
		2E07EF8F250CAFBC004CFBF5 = {
			isa = PBXGroup;
			children = (
				2E07EF9A250CAFBC004CFBF5 /* DemoGoJek */,
				2E07EFB1250CAFBD004CFBF5 /* DemoGoJekTests */,
				2E07EFBC250CAFBD004CFBF5 /* DemoGoJekUITests */,
				2E07EF99250CAFBC004CFBF5 /* Products */,
			);
			sourceTree = "<group>";
		};
		2E07EF99250CAFBC004CFBF5 /* Products */ = {
			isa = PBXGroup;
			children = (
				2E07EF98250CAFBC004CFBF5 /* DemoGoJek.app */,
				2E07EFAE250CAFBD004CFBF5 /* DemoGoJekTests.xctest */,
				2E07EFB9250CAFBD004CFBF5 /* DemoGoJekUITests.xctest */,
			);
			name = Products;
			sourceTree = "<group>";
		};
		2E07EF9A250CAFBC004CFBF5 /* DemoGoJek */ = {
			isa = PBXGroup;
			children = (
				2E45610A250CCEDA00267DD8 /* ViewModels */,
				2E456107250CCDB300267DD8 /* Views */,
				2E4560E6250CC76F00267DD8 /* Models */,
				2E85B686250CC3FE00F13E18 /* Services */,
				2E54FCCF250CBA3F00EAEEB7 /* Common */,
				2E2498FF250CB49000D6E7EE /* Resouces */,
				2E07EF9B250CAFBC004CFBF5 /* AppDelegate.swift */,
				2E07EF9D250CAFBC004CFBF5 /* SceneDelegate.swift */,
				2E07EFA1250CAFBC004CFBF5 /* Main.storyboard */,
				2E07EFA4250CAFBD004CFBF5 /* Assets.xcassets */,
				2E07EFA6250CAFBD004CFBF5 /* LaunchScreen.storyboard */,
				2E07EFA9250CAFBD004CFBF5 /* Info.plist */,
			);
			path = DemoGoJek;
			sourceTree = "<group>";
		};
		2E07EFB1250CAFBD004CFBF5 /* DemoGoJekTests */ = {
			isa = PBXGroup;
			children = (
				2E07EFB2250CAFBD004CFBF5 /* DemoGoJekTests.swift */,
				2E07EFB4250CAFBD004CFBF5 /* Info.plist */,
			);
			path = DemoGoJekTests;
			sourceTree = "<group>";
		};
		2E07EFBC250CAFBD004CFBF5 /* DemoGoJekUITests */ = {
			isa = PBXGroup;
			children = (
				2E07EFBD250CAFBD004CFBF5 /* DemoGoJekUITests.swift */,
				2E07EFBF250CAFBD004CFBF5 /* Info.plist */,
			);
			path = DemoGoJekUITests;
			sourceTree = "<group>";
		};
		2E2498FF250CB49000D6E7EE /* Resouces */ = {
			isa = PBXGroup;
			children = (
				2E54FCCD250CB99900EAEEB7 /* FakeData.json */,
			);
			path = Resouces;
			sourceTree = "<group>";
		};
		2E4560DB250CC49200267DD8 /* Helper */ = {
			isa = PBXGroup;
			children = (
				2E4560DC250CC49200267DD8 /* UIImage+Extension.swift */,
				2E4560DD250CC49200267DD8 /* UIViewController+Extension.swift */,
				2E4560DE250CC49200267DD8 /* Reachability.swift */,
				2E456111250CD3BA00267DD8 /* UIView+Extension.swift */,
				2E456113250CD3DD00267DD8 /* NSObject+Extension.swift */,
			);
			path = Helper;
			sourceTree = "<group>";
		};
		2E4560E6250CC76F00267DD8 /* Models */ = {
			isa = PBXGroup;
			children = (
				2E4560F6250CC76F00267DD8 /* Coordinates.swift */,
				2E4560F1250CC76F00267DD8 /* Dob.swift */,
				2E4560E8250CC76F00267DD8 /* Gender.swift */,
				2E4560EA250CC76F00267DD8 /* ID.swift */,
				2E4560EC250CC76F00267DD8 /* Info.swift */,
				2E4560F0250CC76F00267DD8 /* JSONSchemaSupport.swift */,
				2E4560E7250CC76F00267DD8 /* Location.swift */,
				2E4560EB250CC76F00267DD8 /* Login.swift */,
				2E4560F5250CC76F00267DD8 /* Name.swift */,
				2E4560E9250CC76F00267DD8 /* Picture.swift */,
				2E4560EE250CC76F00267DD8 /* Postcode.swift */,
				2E4560ED250CC76F00267DD8 /* Street.swift */,
				2E4560F2250CC76F00267DD8 /* Timezone.swift */,
				2E4560F3250CC76F00267DD8 /* Title.swift */,
				2E456108250CCE6C00267DD8 /* User.swift */,
				2E4560F4250CC76F00267DD8 /* UsersResponseModel.swift */,
			);
			path = Models;
			sourceTree = "<group>";
		};
		2E456107250CCDB300267DD8 /* Views */ = {
			isa = PBXGroup;
			children = (
				2E45610D250CD17700267DD8 /* CustomView.swift */,
				2E45610E250CD17700267DD8 /* CustomView.xib */,
				2E07EF9F250CAFBC004CFBF5 /* TinderViewController.swift */,
			);
			path = Views;
			sourceTree = "<group>";
		};
		2E45610A250CCEDA00267DD8 /* ViewModels */ = {
			isa = PBXGroup;
			children = (
				2E45610B250CCEFE00267DD8 /* TinderListViewModel.swift */,
				2E456115250CD89100267DD8 /* UserViewModel.swift */,
			);
			path = ViewModels;
			sourceTree = "<group>";
		};
		2E54FCCF250CBA3F00EAEEB7 /* Common */ = {
			isa = PBXGroup;
			children = (
				2E4560DB250CC49200267DD8 /* Helper */,
				2E54FCD0250CBBFD00EAEEB7 /* UI */,
			);
			path = Common;
			sourceTree = "<group>";
		};
		2E54FCD0250CBBFD00EAEEB7 /* UI */ = {
			isa = PBXGroup;
			children = (
				2E456117250CDBFA00267DD8 /* GradientView.swift */,
				2E54FCD2250CBC1500EAEEB7 /* TinderCard.swift */,
				2E54FCD1250CBC1500EAEEB7 /* TinderSwipeView.swift */,
			);
			path = UI;
			sourceTree = "<group>";
		};
		2E85B686250CC3FE00F13E18 /* Services */ = {
			isa = PBXGroup;
			children = (
				2E7B2B74250D1099000F0FCD /* RestAPIServiceImpl.swift */,
				2E4560E2250CC5FF00267DD8 /* Storage.swift */,
				2E456119250CE0AF00267DD8 /* RestAPIServiceProtocol.swift */,
			);
			path = Services;
			sourceTree = "<group>";
		};
/* End PBXGroup section */

/* Begin PBXNativeTarget section */
		2E07EF97250CAFBC004CFBF5 /* DemoGoJek */ = {
			isa = PBXNativeTarget;
			buildConfigurationList = 2E07EFC2250CAFBD004CFBF5 /* Build configuration list for PBXNativeTarget "DemoGoJek" */;
			buildPhases = (
				2E07EF94250CAFBC004CFBF5 /* Sources */,
				2E07EF95250CAFBC004CFBF5 /* Frameworks */,
				2E07EF96250CAFBC004CFBF5 /* Resources */,
				2E07EFCB250CB018004CFBF5 /* ShellScript */,
			);
			buildRules = (
			);
			dependencies = (
			);
			name = DemoGoJek;
			productName = DemoGoJek;
			productReference = 2E07EF98250CAFBC004CFBF5 /* DemoGoJek.app */;
			productType = "com.apple.product-type.application";
		};
		2E07EFAD250CAFBD004CFBF5 /* DemoGoJekTests */ = {
			isa = PBXNativeTarget;
			buildConfigurationList = 2E07EFC5250CAFBD004CFBF5 /* Build configuration list for PBXNativeTarget "DemoGoJekTests" */;
			buildPhases = (
				2E07EFAA250CAFBD004CFBF5 /* Sources */,
				2E07EFAB250CAFBD004CFBF5 /* Frameworks */,
				2E07EFAC250CAFBD004CFBF5 /* Resources */,
			);
			buildRules = (
			);
			dependencies = (
				2E07EFB0250CAFBD004CFBF5 /* PBXTargetDependency */,
			);
			name = DemoGoJekTests;
			productName = DemoGoJekTests;
			productReference = 2E07EFAE250CAFBD004CFBF5 /* DemoGoJekTests.xctest */;
			productType = "com.apple.product-type.bundle.unit-test";
		};
		2E07EFB8250CAFBD004CFBF5 /* DemoGoJekUITests */ = {
			isa = PBXNativeTarget;
			buildConfigurationList = 2E07EFC8250CAFBD004CFBF5 /* Build configuration list for PBXNativeTarget "DemoGoJekUITests" */;
			buildPhases = (
				2E07EFB5250CAFBD004CFBF5 /* Sources */,
				2E07EFB6250CAFBD004CFBF5 /* Frameworks */,
				2E07EFB7250CAFBD004CFBF5 /* Resources */,
			);
			buildRules = (
			);
			dependencies = (
				2E07EFBB250CAFBD004CFBF5 /* PBXTargetDependency */,
			);
			name = DemoGoJekUITests;
			productName = DemoGoJekUITests;
			productReference = 2E07EFB9250CAFBD004CFBF5 /* DemoGoJekUITests.xctest */;
			productType = "com.apple.product-type.bundle.ui-testing";
		};
/* End PBXNativeTarget section */

/* Begin PBXProject section */
		2E07EF90250CAFBC004CFBF5 /* Project object */ = {
			isa = PBXProject;
			attributes = {
				LastSwiftUpdateCheck = 1150;
				LastUpgradeCheck = 1150;
				ORGANIZATIONNAME = "Coc Coc";
				TargetAttributes = {
					2E07EF97250CAFBC004CFBF5 = {
						CreatedOnToolsVersion = 11.5;
					};
					2E07EFAD250CAFBD004CFBF5 = {
						CreatedOnToolsVersion = 11.5;
						TestTargetID = 2E07EF97250CAFBC004CFBF5;
					};
					2E07EFB8250CAFBD004CFBF5 = {
						CreatedOnToolsVersion = 11.5;
						TestTargetID = 2E07EF97250CAFBC004CFBF5;
					};
				};
			};
			buildConfigurationList = 2E07EF93250CAFBC004CFBF5 /* Build configuration list for PBXProject "DemoGoJek" */;
			compatibilityVersion = "Xcode 9.3";
			developmentRegion = en;
			hasScannedForEncodings = 0;
			knownRegions = (
				en,
				Base,
			);
			mainGroup = 2E07EF8F250CAFBC004CFBF5;
			productRefGroup = 2E07EF99250CAFBC004CFBF5 /* Products */;
			projectDirPath = "";
			projectRoot = "";
			targets = (
				2E07EF97250CAFBC004CFBF5 /* DemoGoJek */,
				2E07EFAD250CAFBD004CFBF5 /* DemoGoJekTests */,
				2E07EFB8250CAFBD004CFBF5 /* DemoGoJekUITests */,
			);
		};
/* End PBXProject section */

/* Begin PBXResourcesBuildPhase section */
		2E07EF96250CAFBC004CFBF5 /* Resources */ = {
			isa = PBXResourcesBuildPhase;
			buildActionMask = 2147483647;
			files = (
				2E07EFA8250CAFBD004CFBF5 /* LaunchScreen.storyboard in Resources */,
				2E456110250CD17700267DD8 /* CustomView.xib in Resources */,
				2E07EFA5250CAFBD004CFBF5 /* Assets.xcassets in Resources */,
				2E54FCCE250CB99A00EAEEB7 /* FakeData.json in Resources */,
				2E07EFA3250CAFBC004CFBF5 /* Main.storyboard in Resources */,
			);
			runOnlyForDeploymentPostprocessing = 0;
		};
		2E07EFAC250CAFBD004CFBF5 /* Resources */ = {
			isa = PBXResourcesBuildPhase;
			buildActionMask = 2147483647;
			files = (
			);
			runOnlyForDeploymentPostprocessing = 0;
		};
		2E07EFB7250CAFBD004CFBF5 /* Resources */ = {
			isa = PBXResourcesBuildPhase;
			buildActionMask = 2147483647;
			files = (
			);
			runOnlyForDeploymentPostprocessing = 0;
		};
/* End PBXResourcesBuildPhase section */

/* Begin PBXShellScriptBuildPhase section */
		2E07EFCB250CB018004CFBF5 /* ShellScript */ = {
			isa = PBXShellScriptBuildPhase;
			buildActionMask = 2147483647;
			files = (
			);
			inputFileListPaths = (
			);
			inputPaths = (
			);
			outputFileListPaths = (
			);
			outputPaths = (
			);
			runOnlyForDeploymentPostprocessing = 0;
			shellPath = /bin/sh;
			shellScript = "#swiftlint\nif which swiftlint >/dev/null; then\n  swiftlint\nelse\n  echo \"warning: SwiftLint not installed, download from https://github.com/realm/SwiftLint\"\nfi\n";
		};
/* End PBXShellScriptBuildPhase section */

/* Begin PBXSourcesBuildPhase section */
		2E07EF94250CAFBC004CFBF5 /* Sources */ = {
			isa = PBXSourcesBuildPhase;
			buildActionMask = 2147483647;
			files = (
				2E456109250CCE6C00267DD8 /* User.swift in Sources */,
				2E456112250CD3BA00267DD8 /* UIView+Extension.swift in Sources */,
				2E4560F8250CC76F00267DD8 /* Gender.swift in Sources */,
				2E4560FC250CC76F00267DD8 /* Info.swift in Sources */,
				2E07EFA0250CAFBC004CFBF5 /* TinderViewController.swift in Sources */,
				2E456114250CD3DD00267DD8 /* NSObject+Extension.swift in Sources */,
				2E45610C250CCEFE00267DD8 /* TinderListViewModel.swift in Sources */,
				2E4560FD250CC76F00267DD8 /* Street.swift in Sources */,
				2E456104250CC76F00267DD8 /* UsersResponseModel.swift in Sources */,
				2E4560F7250CC76F00267DD8 /* Location.swift in Sources */,
				2E54FCD3250CBC1500EAEEB7 /* TinderSwipeView.swift in Sources */,
				2E4560FA250CC76F00267DD8 /* ID.swift in Sources */,
				2E456106250CC76F00267DD8 /* Coordinates.swift in Sources */,
				2E07EF9C250CAFBC004CFBF5 /* AppDelegate.swift in Sources */,
				2E4560FB250CC76F00267DD8 /* Login.swift in Sources */,
				2E456102250CC76F00267DD8 /* Timezone.swift in Sources */,
				2E456100250CC76F00267DD8 /* JSONSchemaSupport.swift in Sources */,
				2E456101250CC76F00267DD8 /* Dob.swift in Sources */,
				2E4560DF250CC49200267DD8 /* UIImage+Extension.swift in Sources */,
				2E45610F250CD17700267DD8 /* CustomView.swift in Sources */,
				2E7B2B75250D1099000F0FCD /* RestAPIServiceImpl.swift in Sources */,
				2E4560FE250CC76F00267DD8 /* Postcode.swift in Sources */,
				2E45611A250CE0AF00267DD8 /* RestAPIServiceProtocol.swift in Sources */,
				2E456103250CC76F00267DD8 /* Title.swift in Sources */,
				2E456118250CDBFA00267DD8 /* GradientView.swift in Sources */,
				2E4560E0250CC49200267DD8 /* UIViewController+Extension.swift in Sources */,
				2E4560E4250CC5FF00267DD8 /* Storage.swift in Sources */,
				2E54FCD4250CBC1500EAEEB7 /* TinderCard.swift in Sources */,
				2E4560E1250CC49200267DD8 /* Reachability.swift in Sources */,
				2E456116250CD89100267DD8 /* UserViewModel.swift in Sources */,
				2E4560F9250CC76F00267DD8 /* Picture.swift in Sources */,
				2E07EF9E250CAFBC004CFBF5 /* SceneDelegate.swift in Sources */,
				2E456105250CC76F00267DD8 /* Name.swift in Sources */,
			);
			runOnlyForDeploymentPostprocessing = 0;
		};
		2E07EFAA250CAFBD004CFBF5 /* Sources */ = {
			isa = PBXSourcesBuildPhase;
			buildActionMask = 2147483647;
			files = (
				2E07EFB3250CAFBD004CFBF5 /* DemoGoJekTests.swift in Sources */,
			);
			runOnlyForDeploymentPostprocessing = 0;
		};
		2E07EFB5250CAFBD004CFBF5 /* Sources */ = {
			isa = PBXSourcesBuildPhase;
			buildActionMask = 2147483647;
			files = (
				2E07EFBE250CAFBD004CFBF5 /* DemoGoJekUITests.swift in Sources */,
			);
			runOnlyForDeploymentPostprocessing = 0;
		};
/* End PBXSourcesBuildPhase section */

/* Begin PBXTargetDependency section */
		2E07EFB0250CAFBD004CFBF5 /* PBXTargetDependency */ = {
			isa = PBXTargetDependency;
			target = 2E07EF97250CAFBC004CFBF5 /* DemoGoJek */;
			targetProxy = 2E07EFAF250CAFBD004CFBF5 /* PBXContainerItemProxy */;
		};
		2E07EFBB250CAFBD004CFBF5 /* PBXTargetDependency */ = {
			isa = PBXTargetDependency;
			target = 2E07EF97250CAFBC004CFBF5 /* DemoGoJek */;
			targetProxy = 2E07EFBA250CAFBD004CFBF5 /* PBXContainerItemProxy */;
		};
/* End PBXTargetDependency section */

/* Begin PBXVariantGroup section */
		2E07EFA1250CAFBC004CFBF5 /* Main.storyboard */ = {
			isa = PBXVariantGroup;
			children = (
				2E07EFA2250CAFBC004CFBF5 /* Base */,
			);
			name = Main.storyboard;
			sourceTree = "<group>";
		};
		2E07EFA6250CAFBD004CFBF5 /* LaunchScreen.storyboard */ = {
			isa = PBXVariantGroup;
			children = (
				2E07EFA7250CAFBD004CFBF5 /* Base */,
			);
			name = LaunchScreen.storyboard;
			sourceTree = "<group>";
		};
/* End PBXVariantGroup section */

/* Begin XCBuildConfiguration section */
		2E07EFC0250CAFBD004CFBF5 /* Debug */ = {
			isa = XCBuildConfiguration;
			buildSettings = {
				ALWAYS_SEARCH_USER_PATHS = NO;
				CLANG_ANALYZER_NONNULL = YES;
				CLANG_ANALYZER_NUMBER_OBJECT_CONVERSION = YES_AGGRESSIVE;
				CLANG_CXX_LANGUAGE_STANDARD = "gnu++14";
				CLANG_CXX_LIBRARY = "libc++";
				CLANG_ENABLE_MODULES = YES;
				CLANG_ENABLE_OBJC_ARC = YES;
				CLANG_ENABLE_OBJC_WEAK = YES;
				CLANG_WARN_BLOCK_CAPTURE_AUTORELEASING = YES;
				CLANG_WARN_BOOL_CONVERSION = YES;
				CLANG_WARN_COMMA = YES;
				CLANG_WARN_CONSTANT_CONVERSION = YES;
				CLANG_WARN_DEPRECATED_OBJC_IMPLEMENTATIONS = YES;
				CLANG_WARN_DIRECT_OBJC_ISA_USAGE = YES_ERROR;
				CLANG_WARN_DOCUMENTATION_COMMENTS = YES;
				CLANG_WARN_EMPTY_BODY = YES;
				CLANG_WARN_ENUM_CONVERSION = YES;
				CLANG_WARN_INFINITE_RECURSION = YES;
				CLANG_WARN_INT_CONVERSION = YES;
				CLANG_WARN_NON_LITERAL_NULL_CONVERSION = YES;
				CLANG_WARN_OBJC_IMPLICIT_RETAIN_SELF = YES;
				CLANG_WARN_OBJC_LITERAL_CONVERSION = YES;
				CLANG_WARN_OBJC_ROOT_CLASS = YES_ERROR;
				CLANG_WARN_RANGE_LOOP_ANALYSIS = YES;
				CLANG_WARN_STRICT_PROTOTYPES = YES;
				CLANG_WARN_SUSPICIOUS_MOVE = YES;
				CLANG_WARN_UNGUARDED_AVAILABILITY = YES_AGGRESSIVE;
				CLANG_WARN_UNREACHABLE_CODE = YES;
				CLANG_WARN__DUPLICATE_METHOD_MATCH = YES;
				COPY_PHASE_STRIP = NO;
				DEBUG_INFORMATION_FORMAT = dwarf;
				ENABLE_STRICT_OBJC_MSGSEND = YES;
				ENABLE_TESTABILITY = YES;
				GCC_C_LANGUAGE_STANDARD = gnu11;
				GCC_DYNAMIC_NO_PIC = NO;
				GCC_NO_COMMON_BLOCKS = YES;
				GCC_OPTIMIZATION_LEVEL = 0;
				GCC_PREPROCESSOR_DEFINITIONS = (
					"DEBUG=1",
					"$(inherited)",
				);
				GCC_WARN_64_TO_32_BIT_CONVERSION = YES;
				GCC_WARN_ABOUT_RETURN_TYPE = YES_ERROR;
				GCC_WARN_UNDECLARED_SELECTOR = YES;
				GCC_WARN_UNINITIALIZED_AUTOS = YES_AGGRESSIVE;
				GCC_WARN_UNUSED_FUNCTION = YES;
				GCC_WARN_UNUSED_VARIABLE = YES;
				IPHONEOS_DEPLOYMENT_TARGET = 13.5;
				MTL_ENABLE_DEBUG_INFO = INCLUDE_SOURCE;
				MTL_FAST_MATH = YES;
				ONLY_ACTIVE_ARCH = YES;
				SDKROOT = iphoneos;
				SWIFT_ACTIVE_COMPILATION_CONDITIONS = DEBUG;
				SWIFT_OPTIMIZATION_LEVEL = "-Onone";
			};
			name = Debug;
		};
		2E07EFC1250CAFBD004CFBF5 /* Release */ = {
			isa = XCBuildConfiguration;
			buildSettings = {
				ALWAYS_SEARCH_USER_PATHS = NO;
				CLANG_ANALYZER_NONNULL = YES;
				CLANG_ANALYZER_NUMBER_OBJECT_CONVERSION = YES_AGGRESSIVE;
				CLANG_CXX_LANGUAGE_STANDARD = "gnu++14";
				CLANG_CXX_LIBRARY = "libc++";
				CLANG_ENABLE_MODULES = YES;
				CLANG_ENABLE_OBJC_ARC = YES;
				CLANG_ENABLE_OBJC_WEAK = YES;
				CLANG_WARN_BLOCK_CAPTURE_AUTORELEASING = YES;
				CLANG_WARN_BOOL_CONVERSION = YES;
				CLANG_WARN_COMMA = YES;
				CLANG_WARN_CONSTANT_CONVERSION = YES;
				CLANG_WARN_DEPRECATED_OBJC_IMPLEMENTATIONS = YES;
				CLANG_WARN_DIRECT_OBJC_ISA_USAGE = YES_ERROR;
				CLANG_WARN_DOCUMENTATION_COMMENTS = YES;
				CLANG_WARN_EMPTY_BODY = YES;
				CLANG_WARN_ENUM_CONVERSION = YES;
				CLANG_WARN_INFINITE_RECURSION = YES;
				CLANG_WARN_INT_CONVERSION = YES;
				CLANG_WARN_NON_LITERAL_NULL_CONVERSION = YES;
				CLANG_WARN_OBJC_IMPLICIT_RETAIN_SELF = YES;
				CLANG_WARN_OBJC_LITERAL_CONVERSION = YES;
				CLANG_WARN_OBJC_ROOT_CLASS = YES_ERROR;
				CLANG_WARN_RANGE_LOOP_ANALYSIS = YES;
				CLANG_WARN_STRICT_PROTOTYPES = YES;
				CLANG_WARN_SUSPICIOUS_MOVE = YES;
				CLANG_WARN_UNGUARDED_AVAILABILITY = YES_AGGRESSIVE;
				CLANG_WARN_UNREACHABLE_CODE = YES;
				CLANG_WARN__DUPLICATE_METHOD_MATCH = YES;
				COPY_PHASE_STRIP = NO;
				DEBUG_INFORMATION_FORMAT = "dwarf-with-dsym";
				ENABLE_NS_ASSERTIONS = NO;
				ENABLE_STRICT_OBJC_MSGSEND = YES;
				GCC_C_LANGUAGE_STANDARD = gnu11;
				GCC_NO_COMMON_BLOCKS = YES;
				GCC_WARN_64_TO_32_BIT_CONVERSION = YES;
				GCC_WARN_ABOUT_RETURN_TYPE = YES_ERROR;
				GCC_WARN_UNDECLARED_SELECTOR = YES;
				GCC_WARN_UNINITIALIZED_AUTOS = YES_AGGRESSIVE;
				GCC_WARN_UNUSED_FUNCTION = YES;
				GCC_WARN_UNUSED_VARIABLE = YES;
				IPHONEOS_DEPLOYMENT_TARGET = 13.5;
				MTL_ENABLE_DEBUG_INFO = NO;
				MTL_FAST_MATH = YES;
				SDKROOT = iphoneos;
				SWIFT_COMPILATION_MODE = wholemodule;
				SWIFT_OPTIMIZATION_LEVEL = "-O";
				VALIDATE_PRODUCT = YES;
			};
			name = Release;
		};
		2E07EFC3250CAFBD004CFBF5 /* Debug */ = {
			isa = XCBuildConfiguration;
			buildSettings = {
				ASSETCATALOG_COMPILER_APPICON_NAME = AppIcon;
				CODE_SIGN_STYLE = Automatic;
				DEVELOPMENT_TEAM = LKCWWBNYH3;
				INFOPLIST_FILE = DemoGoJek/Info.plist;
				LD_RUNPATH_SEARCH_PATHS = (
					"$(inherited)",
					"@executable_path/Frameworks",
				);
				PRODUCT_BUNDLE_IDENTIFIER = com.ahdenglish.DemoGoJek;
				PRODUCT_NAME = "$(TARGET_NAME)";
				SWIFT_VERSION = 5.0;
				TARGETED_DEVICE_FAMILY = "1,2";
			};
			name = Debug;
		};
		2E07EFC4250CAFBD004CFBF5 /* Release */ = {
			isa = XCBuildConfiguration;
			buildSettings = {
				ASSETCATALOG_COMPILER_APPICON_NAME = AppIcon;
				CODE_SIGN_STYLE = Automatic;
				DEVELOPMENT_TEAM = LKCWWBNYH3;
				INFOPLIST_FILE = DemoGoJek/Info.plist;
				LD_RUNPATH_SEARCH_PATHS = (
					"$(inherited)",
					"@executable_path/Frameworks",
				);
				PRODUCT_BUNDLE_IDENTIFIER = com.ahdenglish.DemoGoJek;
				PRODUCT_NAME = "$(TARGET_NAME)";
				SWIFT_VERSION = 5.0;
				TARGETED_DEVICE_FAMILY = "1,2";
			};
			name = Release;
		};
		2E07EFC6250CAFBD004CFBF5 /* Debug */ = {
			isa = XCBuildConfiguration;
			buildSettings = {
				ALWAYS_EMBED_SWIFT_STANDARD_LIBRARIES = YES;
				BUNDLE_LOADER = "$(TEST_HOST)";
				CODE_SIGN_STYLE = Automatic;
				DEVELOPMENT_TEAM = LKCWWBNYH3;
				INFOPLIST_FILE = DemoGoJekTests/Info.plist;
				IPHONEOS_DEPLOYMENT_TARGET = 13.5;
				LD_RUNPATH_SEARCH_PATHS = (
					"$(inherited)",
					"@executable_path/Frameworks",
					"@loader_path/Frameworks",
				);
				PRODUCT_BUNDLE_IDENTIFIER = com.ahdenglish.DemoGoJekTests;
				PRODUCT_NAME = "$(TARGET_NAME)";
				SWIFT_VERSION = 5.0;
				TARGETED_DEVICE_FAMILY = "1,2";
				TEST_HOST = "$(BUILT_PRODUCTS_DIR)/DemoGoJek.app/DemoGoJek";
			};
			name = Debug;
		};
		2E07EFC7250CAFBD004CFBF5 /* Release */ = {
			isa = XCBuildConfiguration;
			buildSettings = {
				ALWAYS_EMBED_SWIFT_STANDARD_LIBRARIES = YES;
				BUNDLE_LOADER = "$(TEST_HOST)";
				CODE_SIGN_STYLE = Automatic;
				DEVELOPMENT_TEAM = LKCWWBNYH3;
				INFOPLIST_FILE = DemoGoJekTests/Info.plist;
				IPHONEOS_DEPLOYMENT_TARGET = 13.5;
				LD_RUNPATH_SEARCH_PATHS = (
					"$(inherited)",
					"@executable_path/Frameworks",
					"@loader_path/Frameworks",
				);
				PRODUCT_BUNDLE_IDENTIFIER = com.ahdenglish.DemoGoJekTests;
				PRODUCT_NAME = "$(TARGET_NAME)";
				SWIFT_VERSION = 5.0;
				TARGETED_DEVICE_FAMILY = "1,2";
				TEST_HOST = "$(BUILT_PRODUCTS_DIR)/DemoGoJek.app/DemoGoJek";
			};
			name = Release;
		};
		2E07EFC9250CAFBD004CFBF5 /* Debug */ = {
			isa = XCBuildConfiguration;
			buildSettings = {
				ALWAYS_EMBED_SWIFT_STANDARD_LIBRARIES = YES;
				CODE_SIGN_STYLE = Automatic;
				DEVELOPMENT_TEAM = LKCWWBNYH3;
				INFOPLIST_FILE = DemoGoJekUITests/Info.plist;
				LD_RUNPATH_SEARCH_PATHS = (
					"$(inherited)",
					"@executable_path/Frameworks",
					"@loader_path/Frameworks",
				);
				PRODUCT_BUNDLE_IDENTIFIER = com.ahdenglish.DemoGoJekUITests;
				PRODUCT_NAME = "$(TARGET_NAME)";
				SWIFT_VERSION = 5.0;
				TARGETED_DEVICE_FAMILY = "1,2";
				TEST_TARGET_NAME = DemoGoJek;
			};
			name = Debug;
		};
		2E07EFCA250CAFBD004CFBF5 /* Release */ = {
			isa = XCBuildConfiguration;
			buildSettings = {
				ALWAYS_EMBED_SWIFT_STANDARD_LIBRARIES = YES;
				CODE_SIGN_STYLE = Automatic;
				DEVELOPMENT_TEAM = LKCWWBNYH3;
				INFOPLIST_FILE = DemoGoJekUITests/Info.plist;
				LD_RUNPATH_SEARCH_PATHS = (
					"$(inherited)",
					"@executable_path/Frameworks",
					"@loader_path/Frameworks",
				);
				PRODUCT_BUNDLE_IDENTIFIER = com.ahdenglish.DemoGoJekUITests;
				PRODUCT_NAME = "$(TARGET_NAME)";
				SWIFT_VERSION = 5.0;
				TARGETED_DEVICE_FAMILY = "1,2";
				TEST_TARGET_NAME = DemoGoJek;
			};
			name = Release;
		};
/* End XCBuildConfiguration section */

/* Begin XCConfigurationList section */
		2E07EF93250CAFBC004CFBF5 /* Build configuration list for PBXProject "DemoGoJek" */ = {
			isa = XCConfigurationList;
			buildConfigurations = (
				2E07EFC0250CAFBD004CFBF5 /* Debug */,
				2E07EFC1250CAFBD004CFBF5 /* Release */,
			);
			defaultConfigurationIsVisible = 0;
			defaultConfigurationName = Release;
		};
		2E07EFC2250CAFBD004CFBF5 /* Build configuration list for PBXNativeTarget "DemoGoJek" */ = {
			isa = XCConfigurationList;
			buildConfigurations = (
				2E07EFC3250CAFBD004CFBF5 /* Debug */,
				2E07EFC4250CAFBD004CFBF5 /* Release */,
			);
			defaultConfigurationIsVisible = 0;
			defaultConfigurationName = Release;
		};
		2E07EFC5250CAFBD004CFBF5 /* Build configuration list for PBXNativeTarget "DemoGoJekTests" */ = {
			isa = XCConfigurationList;
			buildConfigurations = (
				2E07EFC6250CAFBD004CFBF5 /* Debug */,
				2E07EFC7250CAFBD004CFBF5 /* Release */,
			);
			defaultConfigurationIsVisible = 0;
			defaultConfigurationName = Release;
		};
		2E07EFC8250CAFBD004CFBF5 /* Build configuration list for PBXNativeTarget "DemoGoJekUITests" */ = {
			isa = XCConfigurationList;
			buildConfigurations = (
				2E07EFC9250CAFBD004CFBF5 /* Debug */,
				2E07EFCA250CAFBD004CFBF5 /* Release */,
			);
			defaultConfigurationIsVisible = 0;
			defaultConfigurationName = Release;
		};
/* End XCConfigurationList section */
	};
	rootObject = 2E07EF90250CAFBC004CFBF5 /* Project object */;
}
